
Microsoft Visual Studio Solution File, Format Version 12.00
# Visual Studio Version 17
VisualStudioVersion = 17.9.34607.119
MinimumVisualStudioVersion = 10.0.40219.1
Project("{FAE04EC0-301F-11D3-BF4B-00C04F79EFBC}") = "adminPresentation", "adminPresentation\adminPresentation.csproj", "{B77C52FB-3197-496F-9864-8CDC00072D9F}"
EndProject
Project("{FAE04EC0-301F-11D3-BF4B-00C04F79EFBC}") = "userPresentation", "userPresentation\userPresentation.csproj", "{36134CD7-6364-4B20-AF9A-13B6EC4D0EDD}"
EndProject
Project("{FAE04EC0-301F-11D3-BF4B-00C04F79EFBC}") = "DataCa", "DataCa\DataCa.csproj", "{C0472A58-8886-4528-B1D4-58CBFCB7A36F}"
EndProject
Project("{FAE04EC0-301F-11D3-BF4B-00C04F79EFBC}") = "EntityCa", "EntityCa\EntityCa.csproj", "{97F26052-4DDE-47D3-AFCB-580C10504E0B}"
EndProject
Project("{FAE04EC0-301F-11D3-BF4B-00C04F79EFBC}") = "ShopCa", "ShopCa\ShopCa.csproj", "{14FB42F9-E198-47F7-A02F-95D838C60939}"
EndProject
Global
	GlobalSection(SolutionConfigurationPlatforms) = preSolution
		Debug|Any CPU = Debug|Any CPU
		Release|Any CPU = Release|Any CPU
	EndGlobalSection
	GlobalSection(ProjectConfigurationPlatforms) = postSolution
		{B77C52FB-3197-496F-9864-8CDC00072D9F}.Debug|Any CPU.ActiveCfg = Debug|Any CPU
		{B77C52FB-3197-496F-9864-8CDC00072D9F}.Debug|Any CPU.Build.0 = Debug|Any CPU
		{B77C52FB-3197-496F-9864-8CDC00072D9F}.Release|Any CPU.ActiveCfg = Release|Any CPU
		{B77C52FB-3197-496F-9864-8CDC00072D9F}.Release|Any CPU.Build.0 = Release|Any CPU
		{36134CD7-6364-4B20-AF9A-13B6EC4D0EDD}.Debug|Any CPU.ActiveCfg = Debug|Any CPU
		{36134CD7-6364-4B20-AF9A-13B6EC4D0EDD}.Debug|Any CPU.Build.0 = Debug|Any CPU
		{36134CD7-6364-4B20-AF9A-13B6EC4D0EDD}.Release|Any CPU.ActiveCfg = Release|Any CPU
		{36134CD7-6364-4B20-AF9A-13B6EC4D0EDD}.Release|Any CPU.Build.0 = Release|Any CPU
		{C0472A58-8886-4528-B1D4-58CBFCB7A36F}.Debug|Any CPU.ActiveCfg = Debug|Any CPU
		{C0472A58-8886-4528-B1D4-58CBFCB7A36F}.Debug|Any CPU.Build.0 = Debug|Any CPU
		{C0472A58-8886-4528-B1D4-58CBFCB7A36F}.Release|Any CPU.ActiveCfg = Release|Any CPU
		{C0472A58-8886-4528-B1D4-58CBFCB7A36F}.Release|Any CPU.Build.0 = Release|Any CPU
		{97F26052-4DDE-47D3-AFCB-580C10504E0B}.Debug|Any CPU.ActiveCfg = Debug|Any CPU
		{97F26052-4DDE-47D3-AFCB-580C10504E0B}.Debug|Any CPU.Build.0 = Debug|Any CPU
		{97F26052-4DDE-47D3-AFCB-580C10504E0B}.Release|Any CPU.ActiveCfg = Release|Any CPU
		{97F26052-4DDE-47D3-AFCB-580C10504E0B}.Release|Any CPU.Build.0 = Release|Any CPU
		{14FB42F9-E198-47F7-A02F-95D838C60939}.Debug|Any CPU.ActiveCfg = Debug|Any CPU
		{14FB42F9-E198-47F7-A02F-95D838C60939}.Debug|Any CPU.Build.0 = Debug|Any CPU
		{14FB42F9-E198-47F7-A02F-95D838C60939}.Release|Any CPU.ActiveCfg = Release|Any CPU
		{14FB42F9-E198-47F7-A02F-95D838C60939}.Release|Any CPU.Build.0 = Release|Any CPU
	EndGlobalSection
	GlobalSection(SolutionProperties) = preSolution
		HideSolutionNode = FALSE
	EndGlobalSection
	GlobalSection(ExtensibilityGlobals) = postSolution
		SolutionGuid = {B8029C54-398C-4565-8F62-36DD01C363F1}
	EndGlobalSection
EndGlobal
